
Microsoft Visual Studio Solution File, Format Version 12.00
# Visual Studio Version 17
VisualStudioVersion = 17.11.35222.181
MinimumVisualStudioVersion = 10.0.40219.1
Project("{FAE04EC0-301F-11D3-BF4B-00C04F79EFBC}") = "GithubPushPullTest", "GithubPushPullTest\GithubPushPullTest.csproj", "{8036E4D7-0CB1-46C2-9976-4CE304CCC2F6}"
EndProject
Global
	GlobalSection(SolutionConfigurationPlatforms) = preSolution
		Debug|Any CPU = Debug|Any CPU
		Release|Any CPU = Release|Any CPU
	EndGlobalSection
	GlobalSection(ProjectConfigurationPlatforms) = postSolution
		{8036E4D7-0CB1-46C2-9976-4CE304CCC2F6}.Debug|Any CPU.ActiveCfg = Debug|Any CPU
		{8036E4D7-0CB1-46C2-9976-4CE304CCC2F6}.Debug|Any CPU.Build.0 = Debug|Any CPU
		{8036E4D7-0CB1-46C2-9976-4CE304CCC2F6}.Release|Any CPU.ActiveCfg = Release|Any CPU
		{8036E4D7-0CB1-46C2-9976-4CE304CCC2F6}.Release|Any CPU.Build.0 = Release|Any CPU
	EndGlobalSection
	GlobalSection(SolutionProperties) = preSolution
		HideSolutionNode = FALSE
	EndGlobalSection
	GlobalSection(ExtensibilityGlobals) = postSolution
		SolutionGuid = {F66D0BAA-98E3-4794-863E-9F0A75EAEE3E}
	EndGlobalSection
EndGlobal
